
Microsoft Visual Studio Solution File, Format Version 12.00
# Visual Studio Version 17
VisualStudioVersion = 17.6.33513.286
MinimumVisualStudioVersion = 10.0.40219.1
Project("{9A19103F-16F7-4668-BE54-9A1E7A4F7556}") = "ConsultaCredito", "ConsultaCredito.csproj", "{B7050FCF-502C-4CFE-A897-31268F8717F2}"
EndProject
Project("{FAE04EC0-301F-11D3-BF4B-00C04F79EFBC}") = "ConsultaCredito.Testes", "..\ConsultaCredito.Testes\ConsultaCredito.Testes.csproj", "{4992DB3C-4A51-4949-955C-952F8AB9B55E}"
EndProject
Global
	GlobalSection(SolutionConfigurationPlatforms) = preSolution
		Debug|Any CPU = Debug|Any CPU
		Release|Any CPU = Release|Any CPU
	EndGlobalSection
	GlobalSection(ProjectConfigurationPlatforms) = postSolution
		{B7050FCF-502C-4CFE-A897-31268F8717F2}.Debug|Any CPU.ActiveCfg = Debug|Any CPU
		{B7050FCF-502C-4CFE-A897-31268F8717F2}.Debug|Any CPU.Build.0 = Debug|Any CPU
		{B7050FCF-502C-4CFE-A897-31268F8717F2}.Release|Any CPU.ActiveCfg = Release|Any CPU
		{B7050FCF-502C-4CFE-A897-31268F8717F2}.Release|Any CPU.Build.0 = Release|Any CPU
		{4992DB3C-4A51-4949-955C-952F8AB9B55E}.Debug|Any CPU.ActiveCfg = Debug|Any CPU
		{4992DB3C-4A51-4949-955C-952F8AB9B55E}.Debug|Any CPU.Build.0 = Debug|Any CPU
		{4992DB3C-4A51-4949-955C-952F8AB9B55E}.Release|Any CPU.ActiveCfg = Release|Any CPU
		{4992DB3C-4A51-4949-955C-952F8AB9B55E}.Release|Any CPU.Build.0 = Release|Any CPU
	EndGlobalSection
	GlobalSection(SolutionProperties) = preSolution
		HideSolutionNode = FALSE
	EndGlobalSection
	GlobalSection(ExtensibilityGlobals) = postSolution
		SolutionGuid = {F5DA9238-A723-42B4-B87C-12943E555F70}
	EndGlobalSection
EndGlobal
